// !$*UTF8*$!
{
	archiveVersion = 1;
	classes = {
	};
	objectVersion = 48;
	objects = {

/* Begin PBXBuildFile section */
		DEBD6CD920630DC900AB6485 /* AppDelegate.swift in Sources */ = {isa = PBXBuildFile; fileRef = DEBD6CD820630DC900AB6485 /* AppDelegate.swift */; };
		DEBD6CDB20630DC900AB6485 /* ViewController.swift in Sources */ = {isa = PBXBuildFile; fileRef = DEBD6CDA20630DC900AB6485 /* ViewController.swift */; };
		DEBD6CDE20630DC900AB6485 /* Main.storyboard in Resources */ = {isa = PBXBuildFile; fileRef = DEBD6CDC20630DC900AB6485 /* Main.storyboard */; };
		DEBD6CE020630DC900AB6485 /* Assets.xcassets in Resources */ = {isa = PBXBuildFile; fileRef = DEBD6CDF20630DC900AB6485 /* Assets.xcassets */; };
		DEBD6CE320630DC900AB6485 /* LaunchScreen.storyboard in Resources */ = {isa = PBXBuildFile; fileRef = DEBD6CE120630DC900AB6485 /* LaunchScreen.storyboard */; };
/* End PBXBuildFile section */

/* Begin PBXFileReference section */
		DEBD6CD520630DC900AB6485 /* exercise01-SquareSwipe.app */ = {isa = PBXFileReference; explicitFileType = wrapper.application; includeInIndex = 0; path = "exercise01-SquareSwipe.app"; sourceTree = BUILT_PRODUCTS_DIR; };
		DEBD6CD820630DC900AB6485 /* AppDelegate.swift */ = {isa = PBXFileReference; lastKnownFileType = sourcecode.swift; path = AppDelegate.swift; sourceTree = "<group>"; };
		DEBD6CDA20630DC900AB6485 /* ViewController.swift */ = {isa = PBXFileReference; lastKnownFileType = sourcecode.swift; path = ViewController.swift; sourceTree = "<group>"; };
		DEBD6CDD20630DC900AB6485 /* Base */ = {isa = PBXFileReference; lastKnownFileType = file.storyboard; name = Base; path = Base.lproj/Main.storyboard; sourceTree = "<group>"; };
		DEBD6CDF20630DC900AB6485 /* Assets.xcassets */ = {isa = PBXFileReference; lastKnownFileType = folder.assetcatalog; path = Assets.xcassets; sourceTree = "<group>"; };
		DEBD6CE220630DC900AB6485 /* Base */ = {isa = PBXFileReference; lastKnownFileType = file.storyboard; name = Base; path = Base.lproj/LaunchScreen.storyboard; sourceTree = "<group>"; };
		DEBD6CE420630DC900AB6485 /* Info.plist */ = {isa = PBXFileReference; lastKnownFileType = text.plist.xml; path = Info.plist; sourceTree = "<group>"; };
/* End PBXFileReference section */

/* Begin PBXFrameworksBuildPhase section */
		DEBD6CD220630DC900AB6485 /* Frameworks */ = {
			isa = PBXFrameworksBuildPhase;
			buildActionMask = 2147483647;
			files = (
			);
			runOnlyForDeploymentPostprocessing = 0;
		};
/* End PBXFrameworksBuildPhase section */

/* Begin PBXGroup section */
		DEBD6CCC20630DC900AB6485 = {
			isa = PBXGroup;
			children = (
				DEBD6CD720630DC900AB6485 /* exercise01-SquareSwipe */,
				DEBD6CD620630DC900AB6485 /* Products */,
			);
			sourceTree = "<group>";
		};
		DEBD6CD620630DC900AB6485 /* Products */ = {
			isa = PBXGroup;
			children = (
				DEBD6CD520630DC900AB6485 /* exercise01-SquareSwipe.app */,
			);
			name = Products;
			sourceTree = "<group>";
		};
		DEBD6CD720630DC900AB6485 /* exercise01-SquareSwipe */ = {
			isa = PBXGroup;
			children = (
				DEBD6CD820630DC900AB6485 /* AppDelegate.swift */,
				DEBD6CDA20630DC900AB6485 /* ViewController.swift */,
				DEBD6CDC20630DC900AB6485 /* Main.storyboard */,
				DEBD6CDF20630DC900AB6485 /* Assets.xcassets */,
				DEBD6CE120630DC900AB6485 /* LaunchScreen.storyboard */,
				DEBD6CE420630DC900AB6485 /* Info.plist */,
			);
			path = "exercise01-SquareSwipe";
			sourceTree = "<group>";
		};
/* End PBXGroup section */

/* Begin PBXNativeTarget section */
		DEBD6CD420630DC900AB6485 /* exercise01-SquareSwipe */ = {
			isa = PBXNativeTarget;
			buildConfigurationList = DEBD6CE720630DC900AB6485 /* Build configuration list for PBXNativeTarget "exercise01-SquareSwipe" */;
			buildPhases = (
				DEBD6CD120630DC900AB6485 /* Sources */,
				DEBD6CD220630DC900AB6485 /* Frameworks */,
				DEBD6CD320630DC900AB6485 /* Resources */,
			);
			buildRules = (
			);
			dependencies = (
			);
			name = "exercise01-SquareSwipe";
			productName = "exercise01-SquareSwipe";
			productReference = DEBD6CD520630DC900AB6485 /* exercise01-SquareSwipe.app */;
			productType = "com.apple.product-type.application";
		};
/* End PBXNativeTarget section */

/* Begin PBXProject section */
		DEBD6CCD20630DC900AB6485 /* Project object */ = {
			isa = PBXProject;
			attributes = {
				LastSwiftUpdateCheck = 0920;
				LastUpgradeCheck = 0920;
				ORGANIZATIONNAME = "Denis Gois";
				TargetAttributes = {
					DEBD6CD420630DC900AB6485 = {
						CreatedOnToolsVersion = 9.2;
						ProvisioningStyle = Automatic;
					};
				};
			};
			buildConfigurationList = DEBD6CD020630DC900AB6485 /* Build configuration list for PBXProject "exercise01-SquareSwipe" */;
			compatibilityVersion = "Xcode 8.0";
			developmentRegion = en;
			hasScannedForEncodings = 0;
			knownRegions = (
				en,
				Base,
			);
			mainGroup = DEBD6CCC20630DC900AB6485;
			productRefGroup = DEBD6CD620630DC900AB6485 /* Products */;
			projectDirPath = "";
			projectRoot = "";
			targets = (
				DEBD6CD420630DC900AB6485 /* exercise01-SquareSwipe */,
			);
		};
/* End PBXProject section */

/* Begin PBXResourcesBuildPhase section */
		DEBD6CD320630DC900AB6485 /* Resources */ = {
			isa = PBXResourcesBuildPhase;
			buildActionMask = 2147483647;
			files = (
				DEBD6CE320630DC900AB6485 /* LaunchScreen.storyboard in Resources */,
				DEBD6CE020630DC900AB6485 /* Assets.xcassets in Resources */,
				DEBD6CDE20630DC900AB6485 /* Main.storyboard in Resources */,
			);
			runOnlyForDeploymentPostprocessing = 0;
		};
/* End PBXResourcesBuildPhase section */

/* Begin PBXSourcesBuildPhase section */
		DEBD6CD120630DC900AB6485 /* Sources */ = {
			isa = PBXSourcesBuildPhase;
			buildActionMask = 2147483647;
			files = (
				DEBD6CDB20630DC900AB6485 /* ViewController.swift in Sources */,
				DEBD6CD920630DC900AB6485 /* AppDelegate.swift in Sources */,
			);
			runOnlyForDeploymentPostprocessing = 0;
		};
/* End PBXSourcesBuildPhase section */

/* Begin PBXVariantGroup section */
		DEBD6CDC20630DC900AB6485 /* Main.storyboard */ = {
			isa = PBXVariantGroup;
			children = (
				DEBD6CDD20630DC900AB6485 /* Base */,
			);
			name = Main.storyboard;
			sourceTree = "<group>";
		};
		DEBD6CE120630DC900AB6485 /* LaunchScreen.storyboard */ = {
			isa = PBXVariantGroup;
			children = (
				DEBD6CE220630DC900AB6485 /* Base */,
			);
			name = LaunchScreen.storyboard;
			sourceTree = "<group>";
		};
/* End PBXVariantGroup section */

/* Begin XCBuildConfiguration section */
		DEBD6CE520630DC900AB6485 /* Debug */ = {
			isa = XCBuildConfiguration;
			buildSettings = {
				ALWAYS_SEARCH_USER_PATHS = NO;
				CLANG_ANALYZER_NONNULL = YES;
				CLANG_ANALYZER_NUMBER_OBJECT_CONVERSION = YES_AGGRESSIVE;
				CLANG_CXX_LANGUAGE_STANDARD = "gnu++14";
				CLANG_CXX_LIBRARY = "libc++";
				CLANG_ENABLE_MODULES = YES;
				CLANG_ENABLE_OBJC_ARC = YES;
				CLANG_WARN_BLOCK_CAPTURE_AUTORELEASING = YES;
				CLANG_WARN_BOOL_CONVERSION = YES;
				CLANG_WARN_COMMA = YES;
				CLANG_WARN_CONSTANT_CONVERSION = YES;
				CLANG_WARN_DIRECT_OBJC_ISA_USAGE = YES_ERROR;
				CLANG_WARN_DOCUMENTATION_COMMENTS = YES;
				CLANG_WARN_EMPTY_BODY = YES;
				CLANG_WARN_ENUM_CONVERSION = YES;
				CLANG_WARN_INFINITE_RECURSION = YES;
				CLANG_WARN_INT_CONVERSION = YES;
				CLANG_WARN_NON_LITERAL_NULL_CONVERSION = YES;
				CLANG_WARN_OBJC_LITERAL_CONVERSION = YES;
				CLANG_WARN_OBJC_ROOT_CLASS = YES_ERROR;
				CLANG_WARN_RANGE_LOOP_ANALYSIS = YES;
				CLANG_WARN_STRICT_PROTOTYPES = YES;
				CLANG_WARN_SUSPICIOUS_MOVE = YES;
				CLANG_WARN_UNGUARDED_AVAILABILITY = YES_AGGRESSIVE;
				CLANG_WARN_UNREACHABLE_CODE = YES;
				CLANG_WARN__DUPLICATE_METHOD_MATCH = YES;
				CODE_SIGN_IDENTITY = "iPhone Developer";
				COPY_PHASE_STRIP = NO;
				DEBUG_INFORMATION_FORMAT = dwarf;
				ENABLE_STRICT_OBJC_MSGSEND = YES;
				ENABLE_TESTABILITY = YES;
				GCC_C_LANGUAGE_STANDARD = gnu11;
				GCC_DYNAMIC_NO_PIC = NO;
				GCC_NO_COMMON_BLOCKS = YES;
				GCC_OPTIMIZATION_LEVEL = 0;
				GCC_PREPROCESSOR_DEFINITIONS = (
					"DEBUG=1",
					"$(inherited)",
				);
				GCC_WARN_64_TO_32_BIT_CONVERSION = YES;
				GCC_WARN_ABOUT_RETURN_TYPE = YES_ERROR;
				GCC_WARN_UNDECLARED_SELECTOR = YES;
				GCC_WARN_UNINITIALIZED_AUTOS = YES_AGGRESSIVE;
				GCC_WARN_UNUSED_FUNCTION = YES;
				GCC_WARN_UNUSED_VARIABLE = YES;
				IPHONEOS_DEPLOYMENT_TARGET = 11.2;
				MTL_ENABLE_DEBUG_INFO = YES;
				ONLY_ACTIVE_ARCH = YES;
				SDKROOT = iphoneos;
				SWIFT_ACTIVE_COMPILATION_CONDITIONS = DEBUG;
				SWIFT_OPTIMIZATION_LEVEL = "-Onone";
			};
			name = Debug;
		};
		DEBD6CE620630DC900AB6485 /* Release */ = {
			isa = XCBuildConfiguration;
			buildSettings = {
				ALWAYS_SEARCH_USER_PATHS = NO;
				CLANG_ANALYZER_NONNULL = YES;
				CLANG_ANALYZER_NUMBER_OBJECT_CONVERSION = YES_AGGRESSIVE;
				CLANG_CXX_LANGUAGE_STANDARD = "gnu++14";
				CLANG_CXX_LIBRARY = "libc++";
				CLANG_ENABLE_MODULES = YES;
				CLANG_ENABLE_OBJC_ARC = YES;
				CLANG_WARN_BLOCK_CAPTURE_AUTORELEASING = YES;
				CLANG_WARN_BOOL_CONVERSION = YES;
				CLANG_WARN_COMMA = YES;
				CLANG_WARN_CONSTANT_CONVERSION = YES;
				CLANG_WARN_DIRECT_OBJC_ISA_USAGE = YES_ERROR;
				CLANG_WARN_DOCUMENTATION_COMMENTS = YES;
				CLANG_WARN_EMPTY_BODY = YES;
				CLANG_WARN_ENUM_CONVERSION = YES;
				CLANG_WARN_INFINITE_RECURSION = YES;
				CLANG_WARN_INT_CONVERSION = YES;
				CLANG_WARN_NON_LITERAL_NULL_CONVERSION = YES;
				CLANG_WARN_OBJC_LITERAL_CONVERSION = YES;
				CLANG_WARN_OBJC_ROOT_CLASS = YES_ERROR;
				CLANG_WARN_RANGE_LOOP_ANALYSIS = YES;
				CLANG_WARN_STRICT_PROTOTYPES = YES;
				CLANG_WARN_SUSPICIOUS_MOVE = YES;
				CLANG_WARN_UNGUARDED_AVAILABILITY = YES_AGGRESSIVE;
				CLANG_WARN_UNREACHABLE_CODE = YES;
				CLANG_WARN__DUPLICATE_METHOD_MATCH = YES;
				CODE_SIGN_IDENTITY = "iPhone Developer";
				COPY_PHASE_STRIP = NO;
				DEBUG_INFORMATION_FORMAT = "dwarf-with-dsym";
				ENABLE_NS_ASSERTIONS = NO;
				ENABLE_STRICT_OBJC_MSGSEND = YES;
				GCC_C_LANGUAGE_STANDARD = gnu11;
				GCC_NO_COMMON_BLOCKS = YES;
				GCC_WARN_64_TO_32_BIT_CONVERSION = YES;
				GCC_WARN_ABOUT_RETURN_TYPE = YES_ERROR;
				GCC_WARN_UNDECLARED_SELECTOR = YES;
				GCC_WARN_UNINITIALIZED_AUTOS = YES_AGGRESSIVE;
				GCC_WARN_UNUSED_FUNCTION = YES;
				GCC_WARN_UNUSED_VARIABLE = YES;
				IPHONEOS_DEPLOYMENT_TARGET = 11.2;
				MTL_ENABLE_DEBUG_INFO = NO;
				SDKROOT = iphoneos;
				SWIFT_OPTIMIZATION_LEVEL = "-Owholemodule";
				VALIDATE_PRODUCT = YES;
			};
			name = Release;
		};
		DEBD6CE820630DC900AB6485 /* Debug */ = {
			isa = XCBuildConfiguration;
			buildSettings = {
				ASSETCATALOG_COMPILER_APPICON_NAME = AppIcon;
				CODE_SIGN_STYLE = Automatic;
				DEVELOPMENT_TEAM = 6DTTA3T6V7;
				INFOPLIST_FILE = "exercise01-SquareSwipe/Info.plist";
				LD_RUNPATH_SEARCH_PATHS = "$(inherited) @executable_path/Frameworks";
				PRODUCT_BUNDLE_IDENTIFIER = "denis.gois.exercise01-SquareSwipe";
				PRODUCT_NAME = "$(TARGET_NAME)";
				SWIFT_VERSION = 4.0;
				TARGETED_DEVICE_FAMILY = "1,2";
			};
			name = Debug;
		};
		DEBD6CE920630DC900AB6485 /* Release */ = {
			isa = XCBuildConfiguration;
			buildSettings = {
				ASSETCATALOG_COMPILER_APPICON_NAME = AppIcon;
				CODE_SIGN_STYLE = Automatic;
				DEVELOPMENT_TEAM = 6DTTA3T6V7;
				INFOPLIST_FILE = "exercise01-SquareSwipe/Info.plist";
				LD_RUNPATH_SEARCH_PATHS = "$(inherited) @executable_path/Frameworks";
				PRODUCT_BUNDLE_IDENTIFIER = "denis.gois.exercise01-SquareSwipe";
				PRODUCT_NAME = "$(TARGET_NAME)";
				SWIFT_VERSION = 4.0;
				TARGETED_DEVICE_FAMILY = "1,2";
			};
			name = Release;
		};
/* End XCBuildConfiguration section */

/* Begin XCConfigurationList section */
		DEBD6CD020630DC900AB6485 /* Build configuration list for PBXProject "exercise01-SquareSwipe" */ = {
			isa = XCConfigurationList;
			buildConfigurations = (
				DEBD6CE520630DC900AB6485 /* Debug */,
				DEBD6CE620630DC900AB6485 /* Release */,
			);
			defaultConfigurationIsVisible = 0;
			defaultConfigurationName = Release;
		};
		DEBD6CE720630DC900AB6485 /* Build configuration list for PBXNativeTarget "exercise01-SquareSwipe" */ = {
			isa = XCConfigurationList;
			buildConfigurations = (
				DEBD6CE820630DC900AB6485 /* Debug */,
				DEBD6CE920630DC900AB6485 /* Release */,
			);
			defaultConfigurationIsVisible = 0;
			defaultConfigurationName = Release;
		};
/* End XCConfigurationList section */
	};
	rootObject = DEBD6CCD20630DC900AB6485 /* Project object */;
}
