// !$*UTF8*$!
{
	archiveVersion = 1;
	classes = {
	};
	objectVersion = 48;
	objects = {

/* Begin PBXBuildFile section */
		9B6A5D691F99544E008F556E /* AppDelegate.swift in Sources */ = {isa = PBXBuildFile; fileRef = 9B6A5D681F99544E008F556E /* AppDelegate.swift */; };
		9B6A5D6B1F99544E008F556E /* ViewController.swift in Sources */ = {isa = PBXBuildFile; fileRef = 9B6A5D6A1F99544E008F556E /* ViewController.swift */; };
		9B6A5D6E1F99544E008F556E /* Main.storyboard in Resources */ = {isa = PBXBuildFile; fileRef = 9B6A5D6C1F99544E008F556E /* Main.storyboard */; };
		9B6A5D701F99544E008F556E /* Assets.xcassets in Resources */ = {isa = PBXBuildFile; fileRef = 9B6A5D6F1F99544E008F556E /* Assets.xcassets */; };
		9B6A5D731F99544E008F556E /* LaunchScreen.storyboard in Resources */ = {isa = PBXBuildFile; fileRef = 9B6A5D711F99544E008F556E /* LaunchScreen.storyboard */; };
		9B6A5D7E1F99544E008F556E /* PickerViewControllerExampleTests.swift in Sources */ = {isa = PBXBuildFile; fileRef = 9B6A5D7D1F99544E008F556E /* PickerViewControllerExampleTests.swift */; };
		9B6A5D891F99544E008F556E /* PickerViewControllerExampleUITests.swift in Sources */ = {isa = PBXBuildFile; fileRef = 9B6A5D881F99544E008F556E /* PickerViewControllerExampleUITests.swift */; };
		9B6A5D971F996BD4008F556E /* SecondPickerViewController.swift in Sources */ = {isa = PBXBuildFile; fileRef = 9B6A5D961F996BD4008F556E /* SecondPickerViewController.swift */; };
/* End PBXBuildFile section */

/* Begin PBXContainerItemProxy section */
		9B6A5D7A1F99544E008F556E /* PBXContainerItemProxy */ = {
			isa = PBXContainerItemProxy;
			containerPortal = 9B6A5D5D1F99544D008F556E /* Project object */;
			proxyType = 1;
			remoteGlobalIDString = 9B6A5D641F99544D008F556E;
			remoteInfo = PickerViewControllerExample;
		};
		9B6A5D851F99544E008F556E /* PBXContainerItemProxy */ = {
			isa = PBXContainerItemProxy;
			containerPortal = 9B6A5D5D1F99544D008F556E /* Project object */;
			proxyType = 1;
			remoteGlobalIDString = 9B6A5D641F99544D008F556E;
			remoteInfo = PickerViewControllerExample;
		};
/* End PBXContainerItemProxy section */

/* Begin PBXFileReference section */
		9B6A5D651F99544D008F556E /* PickerViewControllerExample.app */ = {isa = PBXFileReference; explicitFileType = wrapper.application; includeInIndex = 0; path = PickerViewControllerExample.app; sourceTree = BUILT_PRODUCTS_DIR; };
		9B6A5D681F99544E008F556E /* AppDelegate.swift */ = {isa = PBXFileReference; lastKnownFileType = sourcecode.swift; path = AppDelegate.swift; sourceTree = "<group>"; };
		9B6A5D6A1F99544E008F556E /* ViewController.swift */ = {isa = PBXFileReference; lastKnownFileType = sourcecode.swift; path = ViewController.swift; sourceTree = "<group>"; };
		9B6A5D6D1F99544E008F556E /* Base */ = {isa = PBXFileReference; lastKnownFileType = file.storyboard; name = Base; path = Base.lproj/Main.storyboard; sourceTree = "<group>"; };
		9B6A5D6F1F99544E008F556E /* Assets.xcassets */ = {isa = PBXFileReference; lastKnownFileType = folder.assetcatalog; path = Assets.xcassets; sourceTree = "<group>"; };
		9B6A5D721F99544E008F556E /* Base */ = {isa = PBXFileReference; lastKnownFileType = file.storyboard; name = Base; path = Base.lproj/LaunchScreen.storyboard; sourceTree = "<group>"; };
		9B6A5D741F99544E008F556E /* Info.plist */ = {isa = PBXFileReference; lastKnownFileType = text.plist.xml; path = Info.plist; sourceTree = "<group>"; };
		9B6A5D791F99544E008F556E /* PickerViewControllerExampleTests.xctest */ = {isa = PBXFileReference; explicitFileType = wrapper.cfbundle; includeInIndex = 0; path = PickerViewControllerExampleTests.xctest; sourceTree = BUILT_PRODUCTS_DIR; };
		9B6A5D7D1F99544E008F556E /* PickerViewControllerExampleTests.swift */ = {isa = PBXFileReference; lastKnownFileType = sourcecode.swift; path = PickerViewControllerExampleTests.swift; sourceTree = "<group>"; };
		9B6A5D7F1F99544E008F556E /* Info.plist */ = {isa = PBXFileReference; lastKnownFileType = text.plist.xml; path = Info.plist; sourceTree = "<group>"; };
		9B6A5D841F99544E008F556E /* PickerViewControllerExampleUITests.xctest */ = {isa = PBXFileReference; explicitFileType = wrapper.cfbundle; includeInIndex = 0; path = PickerViewControllerExampleUITests.xctest; sourceTree = BUILT_PRODUCTS_DIR; };
		9B6A5D881F99544E008F556E /* PickerViewControllerExampleUITests.swift */ = {isa = PBXFileReference; lastKnownFileType = sourcecode.swift; path = PickerViewControllerExampleUITests.swift; sourceTree = "<group>"; };
		9B6A5D8A1F99544E008F556E /* Info.plist */ = {isa = PBXFileReference; lastKnownFileType = text.plist.xml; path = Info.plist; sourceTree = "<group>"; };
		9B6A5D961F996BD4008F556E /* SecondPickerViewController.swift */ = {isa = PBXFileReference; lastKnownFileType = sourcecode.swift; path = SecondPickerViewController.swift; sourceTree = "<group>"; };
/* End PBXFileReference section */

/* Begin PBXFrameworksBuildPhase section */
		9B6A5D621F99544D008F556E /* Frameworks */ = {
			isa = PBXFrameworksBuildPhase;
			buildActionMask = 2147483647;
			files = (
			);
			runOnlyForDeploymentPostprocessing = 0;
		};
		9B6A5D761F99544E008F556E /* Frameworks */ = {
			isa = PBXFrameworksBuildPhase;
			buildActionMask = 2147483647;
			files = (
			);
			runOnlyForDeploymentPostprocessing = 0;
		};
		9B6A5D811F99544E008F556E /* Frameworks */ = {
			isa = PBXFrameworksBuildPhase;
			buildActionMask = 2147483647;
			files = (
			);
			runOnlyForDeploymentPostprocessing = 0;
		};
/* End PBXFrameworksBuildPhase section */

/* Begin PBXGroup section */
		9B6A5D5C1F99544D008F556E = {
			isa = PBXGroup;
			children = (
				9B6A5D671F99544D008F556E /* PickerViewControllerExample */,
				9B6A5D7C1F99544E008F556E /* PickerViewControllerExampleTests */,
				9B6A5D871F99544E008F556E /* PickerViewControllerExampleUITests */,
				9B6A5D661F99544D008F556E /* Products */,
			);
			sourceTree = "<group>";
		};
		9B6A5D661F99544D008F556E /* Products */ = {
			isa = PBXGroup;
			children = (
				9B6A5D651F99544D008F556E /* PickerViewControllerExample.app */,
				9B6A5D791F99544E008F556E /* PickerViewControllerExampleTests.xctest */,
				9B6A5D841F99544E008F556E /* PickerViewControllerExampleUITests.xctest */,
			);
			name = Products;
			sourceTree = "<group>";
		};
		9B6A5D671F99544D008F556E /* PickerViewControllerExample */ = {
			isa = PBXGroup;
			children = (
				9B6A5D681F99544E008F556E /* AppDelegate.swift */,
				9B6A5D6A1F99544E008F556E /* ViewController.swift */,
				9B6A5D6C1F99544E008F556E /* Main.storyboard */,
				9B6A5D6F1F99544E008F556E /* Assets.xcassets */,
				9B6A5D711F99544E008F556E /* LaunchScreen.storyboard */,
				9B6A5D741F99544E008F556E /* Info.plist */,
				9B6A5D961F996BD4008F556E /* SecondPickerViewController.swift */,
			);
			path = PickerViewControllerExample;
			sourceTree = "<group>";
		};
		9B6A5D7C1F99544E008F556E /* PickerViewControllerExampleTests */ = {
			isa = PBXGroup;
			children = (
				9B6A5D7D1F99544E008F556E /* PickerViewControllerExampleTests.swift */,
				9B6A5D7F1F99544E008F556E /* Info.plist */,
			);
			path = PickerViewControllerExampleTests;
			sourceTree = "<group>";
		};
		9B6A5D871F99544E008F556E /* PickerViewControllerExampleUITests */ = {
			isa = PBXGroup;
			children = (
				9B6A5D881F99544E008F556E /* PickerViewControllerExampleUITests.swift */,
				9B6A5D8A1F99544E008F556E /* Info.plist */,
			);
			path = PickerViewControllerExampleUITests;
			sourceTree = "<group>";
		};
/* End PBXGroup section */

/* Begin PBXNativeTarget section */
		9B6A5D641F99544D008F556E /* PickerViewControllerExample */ = {
			isa = PBXNativeTarget;
			buildConfigurationList = 9B6A5D8D1F99544E008F556E /* Build configuration list for PBXNativeTarget "PickerViewControllerExample" */;
			buildPhases = (
				9B6A5D611F99544D008F556E /* Sources */,
				9B6A5D621F99544D008F556E /* Frameworks */,
				9B6A5D631F99544D008F556E /* Resources */,
			);
			buildRules = (
			);
			dependencies = (
			);
			name = PickerViewControllerExample;
			productName = PickerViewControllerExample;
			productReference = 9B6A5D651F99544D008F556E /* PickerViewControllerExample.app */;
			productType = "com.apple.product-type.application";
		};
		9B6A5D781F99544E008F556E /* PickerViewControllerExampleTests */ = {
			isa = PBXNativeTarget;
			buildConfigurationList = 9B6A5D901F99544E008F556E /* Build configuration list for PBXNativeTarget "PickerViewControllerExampleTests" */;
			buildPhases = (
				9B6A5D751F99544E008F556E /* Sources */,
				9B6A5D761F99544E008F556E /* Frameworks */,
				9B6A5D771F99544E008F556E /* Resources */,
			);
			buildRules = (
			);
			dependencies = (
				9B6A5D7B1F99544E008F556E /* PBXTargetDependency */,
			);
			name = PickerViewControllerExampleTests;
			productName = PickerViewControllerExampleTests;
			productReference = 9B6A5D791F99544E008F556E /* PickerViewControllerExampleTests.xctest */;
			productType = "com.apple.product-type.bundle.unit-test";
		};
		9B6A5D831F99544E008F556E /* PickerViewControllerExampleUITests */ = {
			isa = PBXNativeTarget;
			buildConfigurationList = 9B6A5D931F99544E008F556E /* Build configuration list for PBXNativeTarget "PickerViewControllerExampleUITests" */;
			buildPhases = (
				9B6A5D801F99544E008F556E /* Sources */,
				9B6A5D811F99544E008F556E /* Frameworks */,
				9B6A5D821F99544E008F556E /* Resources */,
			);
			buildRules = (
			);
			dependencies = (
				9B6A5D861F99544E008F556E /* PBXTargetDependency */,
			);
			name = PickerViewControllerExampleUITests;
			productName = PickerViewControllerExampleUITests;
			productReference = 9B6A5D841F99544E008F556E /* PickerViewControllerExampleUITests.xctest */;
			productType = "com.apple.product-type.bundle.ui-testing";
		};
/* End PBXNativeTarget section */

/* Begin PBXProject section */
		9B6A5D5D1F99544D008F556E /* Project object */ = {
			isa = PBXProject;
			attributes = {
				LastSwiftUpdateCheck = 0900;
				LastUpgradeCheck = 0900;
				ORGANIZATIONNAME = MacStudent;
				TargetAttributes = {
					9B6A5D641F99544D008F556E = {
						CreatedOnToolsVersion = 9.0;
						ProvisioningStyle = Automatic;
					};
					9B6A5D781F99544E008F556E = {
						CreatedOnToolsVersion = 9.0;
						ProvisioningStyle = Automatic;
						TestTargetID = 9B6A5D641F99544D008F556E;
					};
					9B6A5D831F99544E008F556E = {
						CreatedOnToolsVersion = 9.0;
						ProvisioningStyle = Automatic;
						TestTargetID = 9B6A5D641F99544D008F556E;
					};
				};
			};
			buildConfigurationList = 9B6A5D601F99544D008F556E /* Build configuration list for PBXProject "PickerViewControllerExample" */;
			compatibilityVersion = "Xcode 8.0";
			developmentRegion = en;
			hasScannedForEncodings = 0;
			knownRegions = (
				en,
				Base,
			);
			mainGroup = 9B6A5D5C1F99544D008F556E;
			productRefGroup = 9B6A5D661F99544D008F556E /* Products */;
			projectDirPath = "";
			projectRoot = "";
			targets = (
				9B6A5D641F99544D008F556E /* PickerViewControllerExample */,
				9B6A5D781F99544E008F556E /* PickerViewControllerExampleTests */,
				9B6A5D831F99544E008F556E /* PickerViewControllerExampleUITests */,
			);
		};
/* End PBXProject section */

/* Begin PBXResourcesBuildPhase section */
		9B6A5D631F99544D008F556E /* Resources */ = {
			isa = PBXResourcesBuildPhase;
			buildActionMask = 2147483647;
			files = (
				9B6A5D731F99544E008F556E /* LaunchScreen.storyboard in Resources */,
				9B6A5D701F99544E008F556E /* Assets.xcassets in Resources */,
				9B6A5D6E1F99544E008F556E /* Main.storyboard in Resources */,
			);
			runOnlyForDeploymentPostprocessing = 0;
		};
		9B6A5D771F99544E008F556E /* Resources */ = {
			isa = PBXResourcesBuildPhase;
			buildActionMask = 2147483647;
			files = (
			);
			runOnlyForDeploymentPostprocessing = 0;
		};
		9B6A5D821F99544E008F556E /* Resources */ = {
			isa = PBXResourcesBuildPhase;
			buildActionMask = 2147483647;
			files = (
			);
			runOnlyForDeploymentPostprocessing = 0;
		};
/* End PBXResourcesBuildPhase section */

/* Begin PBXSourcesBuildPhase section */
		9B6A5D611F99544D008F556E /* Sources */ = {
			isa = PBXSourcesBuildPhase;
			buildActionMask = 2147483647;
			files = (
				9B6A5D6B1F99544E008F556E /* ViewController.swift in Sources */,
				9B6A5D691F99544E008F556E /* AppDelegate.swift in Sources */,
				9B6A5D971F996BD4008F556E /* SecondPickerViewController.swift in Sources */,
			);
			runOnlyForDeploymentPostprocessing = 0;
		};
		9B6A5D751F99544E008F556E /* Sources */ = {
			isa = PBXSourcesBuildPhase;
			buildActionMask = 2147483647;
			files = (
				9B6A5D7E1F99544E008F556E /* PickerViewControllerExampleTests.swift in Sources */,
			);
			runOnlyForDeploymentPostprocessing = 0;
		};
		9B6A5D801F99544E008F556E /* Sources */ = {
			isa = PBXSourcesBuildPhase;
			buildActionMask = 2147483647;
			files = (
				9B6A5D891F99544E008F556E /* PickerViewControllerExampleUITests.swift in Sources */,
			);
			runOnlyForDeploymentPostprocessing = 0;
		};
/* End PBXSourcesBuildPhase section */

/* Begin PBXTargetDependency section */
		9B6A5D7B1F99544E008F556E /* PBXTargetDependency */ = {
			isa = PBXTargetDependency;
			target = 9B6A5D641F99544D008F556E /* PickerViewControllerExample */;
			targetProxy = 9B6A5D7A1F99544E008F556E /* PBXContainerItemProxy */;
		};
		9B6A5D861F99544E008F556E /* PBXTargetDependency */ = {
			isa = PBXTargetDependency;
			target = 9B6A5D641F99544D008F556E /* PickerViewControllerExample */;
			targetProxy = 9B6A5D851F99544E008F556E /* PBXContainerItemProxy */;
		};
/* End PBXTargetDependency section */

/* Begin PBXVariantGroup section */
		9B6A5D6C1F99544E008F556E /* Main.storyboard */ = {
			isa = PBXVariantGroup;
			children = (
				9B6A5D6D1F99544E008F556E /* Base */,
			);
			name = Main.storyboard;
			sourceTree = "<group>";
		};
		9B6A5D711F99544E008F556E /* LaunchScreen.storyboard */ = {
			isa = PBXVariantGroup;
			children = (
				9B6A5D721F99544E008F556E /* Base */,
			);
			name = LaunchScreen.storyboard;
			sourceTree = "<group>";
		};
/* End PBXVariantGroup section */

/* Begin XCBuildConfiguration section */
		9B6A5D8B1F99544E008F556E /* Debug */ = {
			isa = XCBuildConfiguration;
			buildSettings = {
				ALWAYS_SEARCH_USER_PATHS = NO;
				CLANG_ANALYZER_NONNULL = YES;
				CLANG_ANALYZER_NUMBER_OBJECT_CONVERSION = YES_AGGRESSIVE;
				CLANG_CXX_LANGUAGE_STANDARD = "gnu++14";
				CLANG_CXX_LIBRARY = "libc++";
				CLANG_ENABLE_MODULES = YES;
				CLANG_ENABLE_OBJC_ARC = YES;
				CLANG_WARN_BLOCK_CAPTURE_AUTORELEASING = YES;
				CLANG_WARN_BOOL_CONVERSION = YES;
				CLANG_WARN_COMMA = YES;
				CLANG_WARN_CONSTANT_CONVERSION = YES;
				CLANG_WARN_DIRECT_OBJC_ISA_USAGE = YES_ERROR;
				CLANG_WARN_DOCUMENTATION_COMMENTS = YES;
				CLANG_WARN_EMPTY_BODY = YES;
				CLANG_WARN_ENUM_CONVERSION = YES;
				CLANG_WARN_INFINITE_RECURSION = YES;
				CLANG_WARN_INT_CONVERSION = YES;
				CLANG_WARN_NON_LITERAL_NULL_CONVERSION = YES;
				CLANG_WARN_OBJC_LITERAL_CONVERSION = YES;
				CLANG_WARN_OBJC_ROOT_CLASS = YES_ERROR;
				CLANG_WARN_RANGE_LOOP_ANALYSIS = YES;
				CLANG_WARN_STRICT_PROTOTYPES = YES;
				CLANG_WARN_SUSPICIOUS_MOVE = YES;
				CLANG_WARN_UNGUARDED_AVAILABILITY = YES_AGGRESSIVE;
				CLANG_WARN_UNREACHABLE_CODE = YES;
				CLANG_WARN__DUPLICATE_METHOD_MATCH = YES;
				CODE_SIGN_IDENTITY = "iPhone Developer";
				COPY_PHASE_STRIP = NO;
				DEBUG_INFORMATION_FORMAT = dwarf;
				ENABLE_STRICT_OBJC_MSGSEND = YES;
				ENABLE_TESTABILITY = YES;
				GCC_C_LANGUAGE_STANDARD = gnu11;
				GCC_DYNAMIC_NO_PIC = NO;
				GCC_NO_COMMON_BLOCKS = YES;
				GCC_OPTIMIZATION_LEVEL = 0;
				GCC_PREPROCESSOR_DEFINITIONS = (
					"DEBUG=1",
					"$(inherited)",
				);
				GCC_WARN_64_TO_32_BIT_CONVERSION = YES;
				GCC_WARN_ABOUT_RETURN_TYPE = YES_ERROR;
				GCC_WARN_UNDECLARED_SELECTOR = YES;
				GCC_WARN_UNINITIALIZED_AUTOS = YES_AGGRESSIVE;
				GCC_WARN_UNUSED_FUNCTION = YES;
				GCC_WARN_UNUSED_VARIABLE = YES;
				IPHONEOS_DEPLOYMENT_TARGET = 11.0;
				MTL_ENABLE_DEBUG_INFO = YES;
				ONLY_ACTIVE_ARCH = YES;
				SDKROOT = iphoneos;
				SWIFT_ACTIVE_COMPILATION_CONDITIONS = DEBUG;
				SWIFT_OPTIMIZATION_LEVEL = "-Onone";
			};
			name = Debug;
		};
		9B6A5D8C1F99544E008F556E /* Release */ = {
			isa = XCBuildConfiguration;
			buildSettings = {
				ALWAYS_SEARCH_USER_PATHS = NO;
				CLANG_ANALYZER_NONNULL = YES;
				CLANG_ANALYZER_NUMBER_OBJECT_CONVERSION = YES_AGGRESSIVE;
				CLANG_CXX_LANGUAGE_STANDARD = "gnu++14";
				CLANG_CXX_LIBRARY = "libc++";
				CLANG_ENABLE_MODULES = YES;
				CLANG_ENABLE_OBJC_ARC = YES;
				CLANG_WARN_BLOCK_CAPTURE_AUTORELEASING = YES;
				CLANG_WARN_BOOL_CONVERSION = YES;
				CLANG_WARN_COMMA = YES;
				CLANG_WARN_CONSTANT_CONVERSION = YES;
				CLANG_WARN_DIRECT_OBJC_ISA_USAGE = YES_ERROR;
				CLANG_WARN_DOCUMENTATION_COMMENTS = YES;
				CLANG_WARN_EMPTY_BODY = YES;
				CLANG_WARN_ENUM_CONVERSION = YES;
				CLANG_WARN_INFINITE_RECURSION = YES;
				CLANG_WARN_INT_CONVERSION = YES;
				CLANG_WARN_NON_LITERAL_NULL_CONVERSION = YES;
				CLANG_WARN_OBJC_LITERAL_CONVERSION = YES;
				CLANG_WARN_OBJC_ROOT_CLASS = YES_ERROR;
				CLANG_WARN_RANGE_LOOP_ANALYSIS = YES;
				CLANG_WARN_STRICT_PROTOTYPES = YES;
				CLANG_WARN_SUSPICIOUS_MOVE = YES;
				CLANG_WARN_UNGUARDED_AVAILABILITY = YES_AGGRESSIVE;
				CLANG_WARN_UNREACHABLE_CODE = YES;
				CLANG_WARN__DUPLICATE_METHOD_MATCH = YES;
				CODE_SIGN_IDENTITY = "iPhone Developer";
				COPY_PHASE_STRIP = NO;
				DEBUG_INFORMATION_FORMAT = "dwarf-with-dsym";
				ENABLE_NS_ASSERTIONS = NO;
				ENABLE_STRICT_OBJC_MSGSEND = YES;
				GCC_C_LANGUAGE_STANDARD = gnu11;
				GCC_NO_COMMON_BLOCKS = YES;
				GCC_WARN_64_TO_32_BIT_CONVERSION = YES;
				GCC_WARN_ABOUT_RETURN_TYPE = YES_ERROR;
				GCC_WARN_UNDECLARED_SELECTOR = YES;
				GCC_WARN_UNINITIALIZED_AUTOS = YES_AGGRESSIVE;
				GCC_WARN_UNUSED_FUNCTION = YES;
				GCC_WARN_UNUSED_VARIABLE = YES;
				IPHONEOS_DEPLOYMENT_TARGET = 11.0;
				MTL_ENABLE_DEBUG_INFO = NO;
				SDKROOT = iphoneos;
				SWIFT_OPTIMIZATION_LEVEL = "-Owholemodule";
				VALIDATE_PRODUCT = YES;
			};
			name = Release;
		};
		9B6A5D8E1F99544E008F556E /* Debug */ = {
			isa = XCBuildConfiguration;
			buildSettings = {
				ASSETCATALOG_COMPILER_APPICON_NAME = AppIcon;
				CODE_SIGN_STYLE = Automatic;
				INFOPLIST_FILE = PickerViewControllerExample/Info.plist;
				LD_RUNPATH_SEARCH_PATHS = "$(inherited) @executable_path/Frameworks";
				PRODUCT_BUNDLE_IDENTIFIER = CestarCollege.PickerViewControllerExample;
				PRODUCT_NAME = "$(TARGET_NAME)";
				SWIFT_VERSION = 4.0;
				TARGETED_DEVICE_FAMILY = "1,2";
			};
			name = Debug;
		};
		9B6A5D8F1F99544E008F556E /* Release */ = {
			isa = XCBuildConfiguration;
			buildSettings = {
				ASSETCATALOG_COMPILER_APPICON_NAME = AppIcon;
				CODE_SIGN_STYLE = Automatic;
				INFOPLIST_FILE = PickerViewControllerExample/Info.plist;
				LD_RUNPATH_SEARCH_PATHS = "$(inherited) @executable_path/Frameworks";
				PRODUCT_BUNDLE_IDENTIFIER = CestarCollege.PickerViewControllerExample;
				PRODUCT_NAME = "$(TARGET_NAME)";
				SWIFT_VERSION = 4.0;
				TARGETED_DEVICE_FAMILY = "1,2";
			};
			name = Release;
		};
		9B6A5D911F99544E008F556E /* Debug */ = {
			isa = XCBuildConfiguration;
			buildSettings = {
				ALWAYS_EMBED_SWIFT_STANDARD_LIBRARIES = YES;
				BUNDLE_LOADER = "$(TEST_HOST)";
				CODE_SIGN_STYLE = Automatic;
				INFOPLIST_FILE = PickerViewControllerExampleTests/Info.plist;
				LD_RUNPATH_SEARCH_PATHS = "$(inherited) @executable_path/Frameworks @loader_path/Frameworks";
				PRODUCT_BUNDLE_IDENTIFIER = CestarCollege.PickerViewControllerExampleTests;
				PRODUCT_NAME = "$(TARGET_NAME)";
				SWIFT_VERSION = 4.0;
				TARGETED_DEVICE_FAMILY = "1,2";
				TEST_HOST = "$(BUILT_PRODUCTS_DIR)/PickerViewControllerExample.app/PickerViewControllerExample";
			};
			name = Debug;
		};
		9B6A5D921F99544E008F556E /* Release */ = {
			isa = XCBuildConfiguration;
			buildSettings = {
				ALWAYS_EMBED_SWIFT_STANDARD_LIBRARIES = YES;
				BUNDLE_LOADER = "$(TEST_HOST)";
				CODE_SIGN_STYLE = Automatic;
				INFOPLIST_FILE = PickerViewControllerExampleTests/Info.plist;
				LD_RUNPATH_SEARCH_PATHS = "$(inherited) @executable_path/Frameworks @loader_path/Frameworks";
				PRODUCT_BUNDLE_IDENTIFIER = CestarCollege.PickerViewControllerExampleTests;
				PRODUCT_NAME = "$(TARGET_NAME)";
				SWIFT_VERSION = 4.0;
				TARGETED_DEVICE_FAMILY = "1,2";
				TEST_HOST = "$(BUILT_PRODUCTS_DIR)/PickerViewControllerExample.app/PickerViewControllerExample";
			};
			name = Release;
		};
		9B6A5D941F99544E008F556E /* Debug */ = {
			isa = XCBuildConfiguration;
			buildSettings = {
				ALWAYS_EMBED_SWIFT_STANDARD_LIBRARIES = YES;
				CODE_SIGN_STYLE = Automatic;
				INFOPLIST_FILE = PickerViewControllerExampleUITests/Info.plist;
				LD_RUNPATH_SEARCH_PATHS = "$(inherited) @executable_path/Frameworks @loader_path/Frameworks";
				PRODUCT_BUNDLE_IDENTIFIER = CestarCollege.PickerViewControllerExampleUITests;
				PRODUCT_NAME = "$(TARGET_NAME)";
				SWIFT_VERSION = 4.0;
				TARGETED_DEVICE_FAMILY = "1,2";
				TEST_TARGET_NAME = PickerViewControllerExample;
			};
			name = Debug;
		};
		9B6A5D951F99544E008F556E /* Release */ = {
			isa = XCBuildConfiguration;
			buildSettings = {
				ALWAYS_EMBED_SWIFT_STANDARD_LIBRARIES = YES;
				CODE_SIGN_STYLE = Automatic;
				INFOPLIST_FILE = PickerViewControllerExampleUITests/Info.plist;
				LD_RUNPATH_SEARCH_PATHS = "$(inherited) @executable_path/Frameworks @loader_path/Frameworks";
				PRODUCT_BUNDLE_IDENTIFIER = CestarCollege.PickerViewControllerExampleUITests;
				PRODUCT_NAME = "$(TARGET_NAME)";
				SWIFT_VERSION = 4.0;
				TARGETED_DEVICE_FAMILY = "1,2";
				TEST_TARGET_NAME = PickerViewControllerExample;
			};
			name = Release;
		};
/* End XCBuildConfiguration section */

/* Begin XCConfigurationList section */
		9B6A5D601F99544D008F556E /* Build configuration list for PBXProject "PickerViewControllerExample" */ = {
			isa = XCConfigurationList;
			buildConfigurations = (
				9B6A5D8B1F99544E008F556E /* Debug */,
				9B6A5D8C1F99544E008F556E /* Release */,
			);
			defaultConfigurationIsVisible = 0;
			defaultConfigurationName = Release;
		};
		9B6A5D8D1F99544E008F556E /* Build configuration list for PBXNativeTarget "PickerViewControllerExample" */ = {
			isa = XCConfigurationList;
			buildConfigurations = (
				9B6A5D8E1F99544E008F556E /* Debug */,
				9B6A5D8F1F99544E008F556E /* Release */,
			);
			defaultConfigurationIsVisible = 0;
			defaultConfigurationName = Release;
		};
		9B6A5D901F99544E008F556E /* Build configuration list for PBXNativeTarget "PickerViewControllerExampleTests" */ = {
			isa = XCConfigurationList;
			buildConfigurations = (
				9B6A5D911F99544E008F556E /* Debug */,
				9B6A5D921F99544E008F556E /* Release */,
			);
			defaultConfigurationIsVisible = 0;
			defaultConfigurationName = Release;
		};
		9B6A5D931F99544E008F556E /* Build configuration list for PBXNativeTarget "PickerViewControllerExampleUITests" */ = {
			isa = XCConfigurationList;
			buildConfigurations = (
				9B6A5D941F99544E008F556E /* Debug */,
				9B6A5D951F99544E008F556E /* Release */,
			);
			defaultConfigurationIsVisible = 0;
			defaultConfigurationName = Release;
		};
/* End XCConfigurationList section */
	};
	rootObject = 9B6A5D5D1F99544D008F556E /* Project object */;
}
