// !$*UTF8*$!
{
	archiveVersion = 1;
	classes = {
	};
	objectVersion = 48;
	objects = {

/* Begin PBXBuildFile section */
		DECD650E206C2CA500B2C4E0 /* AppDelegate.swift in Sources */ = {isa = PBXBuildFile; fileRef = DECD650D206C2CA500B2C4E0 /* AppDelegate.swift */; };
		DECD6510206C2CA500B2C4E0 /* ViewController.swift in Sources */ = {isa = PBXBuildFile; fileRef = DECD650F206C2CA500B2C4E0 /* ViewController.swift */; };
		DECD6513206C2CA500B2C4E0 /* Main.storyboard in Resources */ = {isa = PBXBuildFile; fileRef = DECD6511206C2CA500B2C4E0 /* Main.storyboard */; };
		DECD6515206C2CA500B2C4E0 /* Assets.xcassets in Resources */ = {isa = PBXBuildFile; fileRef = DECD6514206C2CA500B2C4E0 /* Assets.xcassets */; };
		DECD6518206C2CA500B2C4E0 /* LaunchScreen.storyboard in Resources */ = {isa = PBXBuildFile; fileRef = DECD6516206C2CA500B2C4E0 /* LaunchScreen.storyboard */; };
/* End PBXBuildFile section */

/* Begin PBXFileReference section */
		DECD650A206C2CA500B2C4E0 /* MotionMonitor.app */ = {isa = PBXFileReference; explicitFileType = wrapper.application; includeInIndex = 0; path = MotionMonitor.app; sourceTree = BUILT_PRODUCTS_DIR; };
		DECD650D206C2CA500B2C4E0 /* AppDelegate.swift */ = {isa = PBXFileReference; lastKnownFileType = sourcecode.swift; path = AppDelegate.swift; sourceTree = "<group>"; };
		DECD650F206C2CA500B2C4E0 /* ViewController.swift */ = {isa = PBXFileReference; lastKnownFileType = sourcecode.swift; path = ViewController.swift; sourceTree = "<group>"; };
		DECD6512206C2CA500B2C4E0 /* Base */ = {isa = PBXFileReference; lastKnownFileType = file.storyboard; name = Base; path = Base.lproj/Main.storyboard; sourceTree = "<group>"; };
		DECD6514206C2CA500B2C4E0 /* Assets.xcassets */ = {isa = PBXFileReference; lastKnownFileType = folder.assetcatalog; path = Assets.xcassets; sourceTree = "<group>"; };
		DECD6517206C2CA500B2C4E0 /* Base */ = {isa = PBXFileReference; lastKnownFileType = file.storyboard; name = Base; path = Base.lproj/LaunchScreen.storyboard; sourceTree = "<group>"; };
		DECD6519206C2CA500B2C4E0 /* Info.plist */ = {isa = PBXFileReference; lastKnownFileType = text.plist.xml; path = Info.plist; sourceTree = "<group>"; };
/* End PBXFileReference section */

/* Begin PBXFrameworksBuildPhase section */
		DECD6507206C2CA500B2C4E0 /* Frameworks */ = {
			isa = PBXFrameworksBuildPhase;
			buildActionMask = 2147483647;
			files = (
			);
			runOnlyForDeploymentPostprocessing = 0;
		};
/* End PBXFrameworksBuildPhase section */

/* Begin PBXGroup section */
		DECD6501206C2CA500B2C4E0 = {
			isa = PBXGroup;
			children = (
				DECD650C206C2CA500B2C4E0 /* MotionMonitor */,
				DECD650B206C2CA500B2C4E0 /* Products */,
			);
			sourceTree = "<group>";
		};
		DECD650B206C2CA500B2C4E0 /* Products */ = {
			isa = PBXGroup;
			children = (
				DECD650A206C2CA500B2C4E0 /* MotionMonitor.app */,
			);
			name = Products;
			sourceTree = "<group>";
		};
		DECD650C206C2CA500B2C4E0 /* MotionMonitor */ = {
			isa = PBXGroup;
			children = (
				DECD650D206C2CA500B2C4E0 /* AppDelegate.swift */,
				DECD650F206C2CA500B2C4E0 /* ViewController.swift */,
				DECD6511206C2CA500B2C4E0 /* Main.storyboard */,
				DECD6514206C2CA500B2C4E0 /* Assets.xcassets */,
				DECD6516206C2CA500B2C4E0 /* LaunchScreen.storyboard */,
				DECD6519206C2CA500B2C4E0 /* Info.plist */,
			);
			path = MotionMonitor;
			sourceTree = "<group>";
		};
/* End PBXGroup section */

/* Begin PBXNativeTarget section */
		DECD6509206C2CA500B2C4E0 /* MotionMonitor */ = {
			isa = PBXNativeTarget;
			buildConfigurationList = DECD651C206C2CA500B2C4E0 /* Build configuration list for PBXNativeTarget "MotionMonitor" */;
			buildPhases = (
				DECD6506206C2CA500B2C4E0 /* Sources */,
				DECD6507206C2CA500B2C4E0 /* Frameworks */,
				DECD6508206C2CA500B2C4E0 /* Resources */,
			);
			buildRules = (
			);
			dependencies = (
			);
			name = MotionMonitor;
			productName = MotionMonitor;
			productReference = DECD650A206C2CA500B2C4E0 /* MotionMonitor.app */;
			productType = "com.apple.product-type.application";
		};
/* End PBXNativeTarget section */

/* Begin PBXProject section */
		DECD6502206C2CA500B2C4E0 /* Project object */ = {
			isa = PBXProject;
			attributes = {
				LastSwiftUpdateCheck = 0920;
				LastUpgradeCheck = 0920;
				ORGANIZATIONNAME = "Denis Gois";
				TargetAttributes = {
					DECD6509206C2CA500B2C4E0 = {
						CreatedOnToolsVersion = 9.2;
						ProvisioningStyle = Automatic;
					};
				};
			};
			buildConfigurationList = DECD6505206C2CA500B2C4E0 /* Build configuration list for PBXProject "MotionMonitor" */;
			compatibilityVersion = "Xcode 8.0";
			developmentRegion = en;
			hasScannedForEncodings = 0;
			knownRegions = (
				en,
				Base,
			);
			mainGroup = DECD6501206C2CA500B2C4E0;
			productRefGroup = DECD650B206C2CA500B2C4E0 /* Products */;
			projectDirPath = "";
			projectRoot = "";
			targets = (
				DECD6509206C2CA500B2C4E0 /* MotionMonitor */,
			);
		};
/* End PBXProject section */

/* Begin PBXResourcesBuildPhase section */
		DECD6508206C2CA500B2C4E0 /* Resources */ = {
			isa = PBXResourcesBuildPhase;
			buildActionMask = 2147483647;
			files = (
				DECD6518206C2CA500B2C4E0 /* LaunchScreen.storyboard in Resources */,
				DECD6515206C2CA500B2C4E0 /* Assets.xcassets in Resources */,
				DECD6513206C2CA500B2C4E0 /* Main.storyboard in Resources */,
			);
			runOnlyForDeploymentPostprocessing = 0;
		};
/* End PBXResourcesBuildPhase section */

/* Begin PBXSourcesBuildPhase section */
		DECD6506206C2CA500B2C4E0 /* Sources */ = {
			isa = PBXSourcesBuildPhase;
			buildActionMask = 2147483647;
			files = (
				DECD6510206C2CA500B2C4E0 /* ViewController.swift in Sources */,
				DECD650E206C2CA500B2C4E0 /* AppDelegate.swift in Sources */,
			);
			runOnlyForDeploymentPostprocessing = 0;
		};
/* End PBXSourcesBuildPhase section */

/* Begin PBXVariantGroup section */
		DECD6511206C2CA500B2C4E0 /* Main.storyboard */ = {
			isa = PBXVariantGroup;
			children = (
				DECD6512206C2CA500B2C4E0 /* Base */,
			);
			name = Main.storyboard;
			sourceTree = "<group>";
		};
		DECD6516206C2CA500B2C4E0 /* LaunchScreen.storyboard */ = {
			isa = PBXVariantGroup;
			children = (
				DECD6517206C2CA500B2C4E0 /* Base */,
			);
			name = LaunchScreen.storyboard;
			sourceTree = "<group>";
		};
/* End PBXVariantGroup section */

/* Begin XCBuildConfiguration section */
		DECD651A206C2CA500B2C4E0 /* Debug */ = {
			isa = XCBuildConfiguration;
			buildSettings = {
				ALWAYS_SEARCH_USER_PATHS = NO;
				CLANG_ANALYZER_NONNULL = YES;
				CLANG_ANALYZER_NUMBER_OBJECT_CONVERSION = YES_AGGRESSIVE;
				CLANG_CXX_LANGUAGE_STANDARD = "gnu++14";
				CLANG_CXX_LIBRARY = "libc++";
				CLANG_ENABLE_MODULES = YES;
				CLANG_ENABLE_OBJC_ARC = YES;
				CLANG_WARN_BLOCK_CAPTURE_AUTORELEASING = YES;
				CLANG_WARN_BOOL_CONVERSION = YES;
				CLANG_WARN_COMMA = YES;
				CLANG_WARN_CONSTANT_CONVERSION = YES;
				CLANG_WARN_DIRECT_OBJC_ISA_USAGE = YES_ERROR;
				CLANG_WARN_DOCUMENTATION_COMMENTS = YES;
				CLANG_WARN_EMPTY_BODY = YES;
				CLANG_WARN_ENUM_CONVERSION = YES;
				CLANG_WARN_INFINITE_RECURSION = YES;
				CLANG_WARN_INT_CONVERSION = YES;
				CLANG_WARN_NON_LITERAL_NULL_CONVERSION = YES;
				CLANG_WARN_OBJC_LITERAL_CONVERSION = YES;
				CLANG_WARN_OBJC_ROOT_CLASS = YES_ERROR;
				CLANG_WARN_RANGE_LOOP_ANALYSIS = YES;
				CLANG_WARN_STRICT_PROTOTYPES = YES;
				CLANG_WARN_SUSPICIOUS_MOVE = YES;
				CLANG_WARN_UNGUARDED_AVAILABILITY = YES_AGGRESSIVE;
				CLANG_WARN_UNREACHABLE_CODE = YES;
				CLANG_WARN__DUPLICATE_METHOD_MATCH = YES;
				CODE_SIGN_IDENTITY = "iPhone Developer";
				COPY_PHASE_STRIP = NO;
				DEBUG_INFORMATION_FORMAT = dwarf;
				ENABLE_STRICT_OBJC_MSGSEND = YES;
				ENABLE_TESTABILITY = YES;
				GCC_C_LANGUAGE_STANDARD = gnu11;
				GCC_DYNAMIC_NO_PIC = NO;
				GCC_NO_COMMON_BLOCKS = YES;
				GCC_OPTIMIZATION_LEVEL = 0;
				GCC_PREPROCESSOR_DEFINITIONS = (
					"DEBUG=1",
					"$(inherited)",
				);
				GCC_WARN_64_TO_32_BIT_CONVERSION = YES;
				GCC_WARN_ABOUT_RETURN_TYPE = YES_ERROR;
				GCC_WARN_UNDECLARED_SELECTOR = YES;
				GCC_WARN_UNINITIALIZED_AUTOS = YES_AGGRESSIVE;
				GCC_WARN_UNUSED_FUNCTION = YES;
				GCC_WARN_UNUSED_VARIABLE = YES;
				IPHONEOS_DEPLOYMENT_TARGET = 11.2;
				MTL_ENABLE_DEBUG_INFO = YES;
				ONLY_ACTIVE_ARCH = YES;
				SDKROOT = iphoneos;
				SWIFT_ACTIVE_COMPILATION_CONDITIONS = DEBUG;
				SWIFT_OPTIMIZATION_LEVEL = "-Onone";
			};
			name = Debug;
		};
		DECD651B206C2CA500B2C4E0 /* Release */ = {
			isa = XCBuildConfiguration;
			buildSettings = {
				ALWAYS_SEARCH_USER_PATHS = NO;
				CLANG_ANALYZER_NONNULL = YES;
				CLANG_ANALYZER_NUMBER_OBJECT_CONVERSION = YES_AGGRESSIVE;
				CLANG_CXX_LANGUAGE_STANDARD = "gnu++14";
				CLANG_CXX_LIBRARY = "libc++";
				CLANG_ENABLE_MODULES = YES;
				CLANG_ENABLE_OBJC_ARC = YES;
				CLANG_WARN_BLOCK_CAPTURE_AUTORELEASING = YES;
				CLANG_WARN_BOOL_CONVERSION = YES;
				CLANG_WARN_COMMA = YES;
				CLANG_WARN_CONSTANT_CONVERSION = YES;
				CLANG_WARN_DIRECT_OBJC_ISA_USAGE = YES_ERROR;
				CLANG_WARN_DOCUMENTATION_COMMENTS = YES;
				CLANG_WARN_EMPTY_BODY = YES;
				CLANG_WARN_ENUM_CONVERSION = YES;
				CLANG_WARN_INFINITE_RECURSION = YES;
				CLANG_WARN_INT_CONVERSION = YES;
				CLANG_WARN_NON_LITERAL_NULL_CONVERSION = YES;
				CLANG_WARN_OBJC_LITERAL_CONVERSION = YES;
				CLANG_WARN_OBJC_ROOT_CLASS = YES_ERROR;
				CLANG_WARN_RANGE_LOOP_ANALYSIS = YES;
				CLANG_WARN_STRICT_PROTOTYPES = YES;
				CLANG_WARN_SUSPICIOUS_MOVE = YES;
				CLANG_WARN_UNGUARDED_AVAILABILITY = YES_AGGRESSIVE;
				CLANG_WARN_UNREACHABLE_CODE = YES;
				CLANG_WARN__DUPLICATE_METHOD_MATCH = YES;
				CODE_SIGN_IDENTITY = "iPhone Developer";
				COPY_PHASE_STRIP = NO;
				DEBUG_INFORMATION_FORMAT = "dwarf-with-dsym";
				ENABLE_NS_ASSERTIONS = NO;
				ENABLE_STRICT_OBJC_MSGSEND = YES;
				GCC_C_LANGUAGE_STANDARD = gnu11;
				GCC_NO_COMMON_BLOCKS = YES;
				GCC_WARN_64_TO_32_BIT_CONVERSION = YES;
				GCC_WARN_ABOUT_RETURN_TYPE = YES_ERROR;
				GCC_WARN_UNDECLARED_SELECTOR = YES;
				GCC_WARN_UNINITIALIZED_AUTOS = YES_AGGRESSIVE;
				GCC_WARN_UNUSED_FUNCTION = YES;
				GCC_WARN_UNUSED_VARIABLE = YES;
				IPHONEOS_DEPLOYMENT_TARGET = 11.2;
				MTL_ENABLE_DEBUG_INFO = NO;
				SDKROOT = iphoneos;
				SWIFT_OPTIMIZATION_LEVEL = "-Owholemodule";
				VALIDATE_PRODUCT = YES;
			};
			name = Release;
		};
		DECD651D206C2CA500B2C4E0 /* Debug */ = {
			isa = XCBuildConfiguration;
			buildSettings = {
				ASSETCATALOG_COMPILER_APPICON_NAME = AppIcon;
				CODE_SIGN_STYLE = Automatic;
				DEVELOPMENT_TEAM = 6DTTA3T6V7;
				INFOPLIST_FILE = MotionMonitor/Info.plist;
				LD_RUNPATH_SEARCH_PATHS = "$(inherited) @executable_path/Frameworks";
				PRODUCT_BUNDLE_IDENTIFIER = denis.gois.MotionMonitor;
				PRODUCT_NAME = "$(TARGET_NAME)";
				SWIFT_VERSION = 4.0;
				TARGETED_DEVICE_FAMILY = "1,2";
			};
			name = Debug;
		};
		DECD651E206C2CA500B2C4E0 /* Release */ = {
			isa = XCBuildConfiguration;
			buildSettings = {
				ASSETCATALOG_COMPILER_APPICON_NAME = AppIcon;
				CODE_SIGN_STYLE = Automatic;
				DEVELOPMENT_TEAM = 6DTTA3T6V7;
				INFOPLIST_FILE = MotionMonitor/Info.plist;
				LD_RUNPATH_SEARCH_PATHS = "$(inherited) @executable_path/Frameworks";
				PRODUCT_BUNDLE_IDENTIFIER = denis.gois.MotionMonitor;
				PRODUCT_NAME = "$(TARGET_NAME)";
				SWIFT_VERSION = 4.0;
				TARGETED_DEVICE_FAMILY = "1,2";
			};
			name = Release;
		};
/* End XCBuildConfiguration section */

/* Begin XCConfigurationList section */
		DECD6505206C2CA500B2C4E0 /* Build configuration list for PBXProject "MotionMonitor" */ = {
			isa = XCConfigurationList;
			buildConfigurations = (
				DECD651A206C2CA500B2C4E0 /* Debug */,
				DECD651B206C2CA500B2C4E0 /* Release */,
			);
			defaultConfigurationIsVisible = 0;
			defaultConfigurationName = Release;
		};
		DECD651C206C2CA500B2C4E0 /* Build configuration list for PBXNativeTarget "MotionMonitor" */ = {
			isa = XCConfigurationList;
			buildConfigurations = (
				DECD651D206C2CA500B2C4E0 /* Debug */,
				DECD651E206C2CA500B2C4E0 /* Release */,
			);
			defaultConfigurationIsVisible = 0;
			defaultConfigurationName = Release;
		};
/* End XCConfigurationList section */
	};
	rootObject = DECD6502206C2CA500B2C4E0 /* Project object */;
}
