// !$*UTF8*$!
{
	archiveVersion = 1;
	classes = {
	};
	objectVersion = 48;
	objects = {

/* Begin PBXBuildFile section */
		9B1E72561F96D5DA00E8EA4A /* AppDelegate.swift in Sources */ = {isa = PBXBuildFile; fileRef = 9B1E72551F96D5DA00E8EA4A /* AppDelegate.swift */; };
		9B1E72581F96D5DA00E8EA4A /* ViewController.swift in Sources */ = {isa = PBXBuildFile; fileRef = 9B1E72571F96D5DA00E8EA4A /* ViewController.swift */; };
		9B1E725B1F96D5DA00E8EA4A /* Main.storyboard in Resources */ = {isa = PBXBuildFile; fileRef = 9B1E72591F96D5DA00E8EA4A /* Main.storyboard */; };
		9B1E725D1F96D5DA00E8EA4A /* Assets.xcassets in Resources */ = {isa = PBXBuildFile; fileRef = 9B1E725C1F96D5DA00E8EA4A /* Assets.xcassets */; };
		9B1E72601F96D5DA00E8EA4A /* LaunchScreen.storyboard in Resources */ = {isa = PBXBuildFile; fileRef = 9B1E725E1F96D5DA00E8EA4A /* LaunchScreen.storyboard */; };
		9B1E72681F96E85A00E8EA4A /* WelcomeViewController.swift in Sources */ = {isa = PBXBuildFile; fileRef = 9B1E72671F96E85A00E8EA4A /* WelcomeViewController.swift */; };
/* End PBXBuildFile section */

/* Begin PBXFileReference section */
		9B1E72521F96D5DA00E8EA4A /* UserDefaultExample.app */ = {isa = PBXFileReference; explicitFileType = wrapper.application; includeInIndex = 0; path = UserDefaultExample.app; sourceTree = BUILT_PRODUCTS_DIR; };
		9B1E72551F96D5DA00E8EA4A /* AppDelegate.swift */ = {isa = PBXFileReference; lastKnownFileType = sourcecode.swift; path = AppDelegate.swift; sourceTree = "<group>"; };
		9B1E72571F96D5DA00E8EA4A /* ViewController.swift */ = {isa = PBXFileReference; lastKnownFileType = sourcecode.swift; path = ViewController.swift; sourceTree = "<group>"; };
		9B1E725A1F96D5DA00E8EA4A /* Base */ = {isa = PBXFileReference; lastKnownFileType = file.storyboard; name = Base; path = Base.lproj/Main.storyboard; sourceTree = "<group>"; };
		9B1E725C1F96D5DA00E8EA4A /* Assets.xcassets */ = {isa = PBXFileReference; lastKnownFileType = folder.assetcatalog; path = Assets.xcassets; sourceTree = "<group>"; };
		9B1E725F1F96D5DA00E8EA4A /* Base */ = {isa = PBXFileReference; lastKnownFileType = file.storyboard; name = Base; path = Base.lproj/LaunchScreen.storyboard; sourceTree = "<group>"; };
		9B1E72611F96D5DA00E8EA4A /* Info.plist */ = {isa = PBXFileReference; lastKnownFileType = text.plist.xml; path = Info.plist; sourceTree = "<group>"; };
		9B1E72671F96E85A00E8EA4A /* WelcomeViewController.swift */ = {isa = PBXFileReference; lastKnownFileType = sourcecode.swift; path = WelcomeViewController.swift; sourceTree = "<group>"; };
/* End PBXFileReference section */

/* Begin PBXFrameworksBuildPhase section */
		9B1E724F1F96D5DA00E8EA4A /* Frameworks */ = {
			isa = PBXFrameworksBuildPhase;
			buildActionMask = 2147483647;
			files = (
			);
			runOnlyForDeploymentPostprocessing = 0;
		};
/* End PBXFrameworksBuildPhase section */

/* Begin PBXGroup section */
		9B1E72491F96D5DA00E8EA4A = {
			isa = PBXGroup;
			children = (
				9B1E72541F96D5DA00E8EA4A /* UserDefaultExample */,
				9B1E72531F96D5DA00E8EA4A /* Products */,
			);
			sourceTree = "<group>";
		};
		9B1E72531F96D5DA00E8EA4A /* Products */ = {
			isa = PBXGroup;
			children = (
				9B1E72521F96D5DA00E8EA4A /* UserDefaultExample.app */,
			);
			name = Products;
			sourceTree = "<group>";
		};
		9B1E72541F96D5DA00E8EA4A /* UserDefaultExample */ = {
			isa = PBXGroup;
			children = (
				9B1E72551F96D5DA00E8EA4A /* AppDelegate.swift */,
				9B1E72571F96D5DA00E8EA4A /* ViewController.swift */,
				9B1E72591F96D5DA00E8EA4A /* Main.storyboard */,
				9B1E725C1F96D5DA00E8EA4A /* Assets.xcassets */,
				9B1E725E1F96D5DA00E8EA4A /* LaunchScreen.storyboard */,
				9B1E72611F96D5DA00E8EA4A /* Info.plist */,
				9B1E72671F96E85A00E8EA4A /* WelcomeViewController.swift */,
			);
			path = UserDefaultExample;
			sourceTree = "<group>";
		};
/* End PBXGroup section */

/* Begin PBXNativeTarget section */
		9B1E72511F96D5DA00E8EA4A /* UserDefaultExample */ = {
			isa = PBXNativeTarget;
			buildConfigurationList = 9B1E72641F96D5DA00E8EA4A /* Build configuration list for PBXNativeTarget "UserDefaultExample" */;
			buildPhases = (
				9B1E724E1F96D5DA00E8EA4A /* Sources */,
				9B1E724F1F96D5DA00E8EA4A /* Frameworks */,
				9B1E72501F96D5DA00E8EA4A /* Resources */,
			);
			buildRules = (
			);
			dependencies = (
			);
			name = UserDefaultExample;
			productName = UserDefaultExample;
			productReference = 9B1E72521F96D5DA00E8EA4A /* UserDefaultExample.app */;
			productType = "com.apple.product-type.application";
		};
/* End PBXNativeTarget section */

/* Begin PBXProject section */
		9B1E724A1F96D5DA00E8EA4A /* Project object */ = {
			isa = PBXProject;
			attributes = {
				LastSwiftUpdateCheck = 0900;
				LastUpgradeCheck = 0900;
				ORGANIZATIONNAME = MacStudent;
				TargetAttributes = {
					9B1E72511F96D5DA00E8EA4A = {
						CreatedOnToolsVersion = 9.0;
						ProvisioningStyle = Automatic;
					};
				};
			};
			buildConfigurationList = 9B1E724D1F96D5DA00E8EA4A /* Build configuration list for PBXProject "UserDefaultExample" */;
			compatibilityVersion = "Xcode 8.0";
			developmentRegion = en;
			hasScannedForEncodings = 0;
			knownRegions = (
				en,
				Base,
			);
			mainGroup = 9B1E72491F96D5DA00E8EA4A;
			productRefGroup = 9B1E72531F96D5DA00E8EA4A /* Products */;
			projectDirPath = "";
			projectRoot = "";
			targets = (
				9B1E72511F96D5DA00E8EA4A /* UserDefaultExample */,
			);
		};
/* End PBXProject section */

/* Begin PBXResourcesBuildPhase section */
		9B1E72501F96D5DA00E8EA4A /* Resources */ = {
			isa = PBXResourcesBuildPhase;
			buildActionMask = 2147483647;
			files = (
				9B1E72601F96D5DA00E8EA4A /* LaunchScreen.storyboard in Resources */,
				9B1E725D1F96D5DA00E8EA4A /* Assets.xcassets in Resources */,
				9B1E725B1F96D5DA00E8EA4A /* Main.storyboard in Resources */,
			);
			runOnlyForDeploymentPostprocessing = 0;
		};
/* End PBXResourcesBuildPhase section */

/* Begin PBXSourcesBuildPhase section */
		9B1E724E1F96D5DA00E8EA4A /* Sources */ = {
			isa = PBXSourcesBuildPhase;
			buildActionMask = 2147483647;
			files = (
				9B1E72681F96E85A00E8EA4A /* WelcomeViewController.swift in Sources */,
				9B1E72581F96D5DA00E8EA4A /* ViewController.swift in Sources */,
				9B1E72561F96D5DA00E8EA4A /* AppDelegate.swift in Sources */,
			);
			runOnlyForDeploymentPostprocessing = 0;
		};
/* End PBXSourcesBuildPhase section */

/* Begin PBXVariantGroup section */
		9B1E72591F96D5DA00E8EA4A /* Main.storyboard */ = {
			isa = PBXVariantGroup;
			children = (
				9B1E725A1F96D5DA00E8EA4A /* Base */,
			);
			name = Main.storyboard;
			sourceTree = "<group>";
		};
		9B1E725E1F96D5DA00E8EA4A /* LaunchScreen.storyboard */ = {
			isa = PBXVariantGroup;
			children = (
				9B1E725F1F96D5DA00E8EA4A /* Base */,
			);
			name = LaunchScreen.storyboard;
			sourceTree = "<group>";
		};
/* End PBXVariantGroup section */

/* Begin XCBuildConfiguration section */
		9B1E72621F96D5DA00E8EA4A /* Debug */ = {
			isa = XCBuildConfiguration;
			buildSettings = {
				ALWAYS_SEARCH_USER_PATHS = NO;
				CLANG_ANALYZER_NONNULL = YES;
				CLANG_ANALYZER_NUMBER_OBJECT_CONVERSION = YES_AGGRESSIVE;
				CLANG_CXX_LANGUAGE_STANDARD = "gnu++14";
				CLANG_CXX_LIBRARY = "libc++";
				CLANG_ENABLE_MODULES = YES;
				CLANG_ENABLE_OBJC_ARC = YES;
				CLANG_WARN_BLOCK_CAPTURE_AUTORELEASING = YES;
				CLANG_WARN_BOOL_CONVERSION = YES;
				CLANG_WARN_COMMA = YES;
				CLANG_WARN_CONSTANT_CONVERSION = YES;
				CLANG_WARN_DIRECT_OBJC_ISA_USAGE = YES_ERROR;
				CLANG_WARN_DOCUMENTATION_COMMENTS = YES;
				CLANG_WARN_EMPTY_BODY = YES;
				CLANG_WARN_ENUM_CONVERSION = YES;
				CLANG_WARN_INFINITE_RECURSION = YES;
				CLANG_WARN_INT_CONVERSION = YES;
				CLANG_WARN_NON_LITERAL_NULL_CONVERSION = YES;
				CLANG_WARN_OBJC_LITERAL_CONVERSION = YES;
				CLANG_WARN_OBJC_ROOT_CLASS = YES_ERROR;
				CLANG_WARN_RANGE_LOOP_ANALYSIS = YES;
				CLANG_WARN_STRICT_PROTOTYPES = YES;
				CLANG_WARN_SUSPICIOUS_MOVE = YES;
				CLANG_WARN_UNGUARDED_AVAILABILITY = YES_AGGRESSIVE;
				CLANG_WARN_UNREACHABLE_CODE = YES;
				CLANG_WARN__DUPLICATE_METHOD_MATCH = YES;
				CODE_SIGN_IDENTITY = "iPhone Developer";
				COPY_PHASE_STRIP = NO;
				DEBUG_INFORMATION_FORMAT = dwarf;
				ENABLE_STRICT_OBJC_MSGSEND = YES;
				ENABLE_TESTABILITY = YES;
				GCC_C_LANGUAGE_STANDARD = gnu11;
				GCC_DYNAMIC_NO_PIC = NO;
				GCC_NO_COMMON_BLOCKS = YES;
				GCC_OPTIMIZATION_LEVEL = 0;
				GCC_PREPROCESSOR_DEFINITIONS = (
					"DEBUG=1",
					"$(inherited)",
				);
				GCC_WARN_64_TO_32_BIT_CONVERSION = YES;
				GCC_WARN_ABOUT_RETURN_TYPE = YES_ERROR;
				GCC_WARN_UNDECLARED_SELECTOR = YES;
				GCC_WARN_UNINITIALIZED_AUTOS = YES_AGGRESSIVE;
				GCC_WARN_UNUSED_FUNCTION = YES;
				GCC_WARN_UNUSED_VARIABLE = YES;
				IPHONEOS_DEPLOYMENT_TARGET = 11.0;
				MTL_ENABLE_DEBUG_INFO = YES;
				ONLY_ACTIVE_ARCH = YES;
				SDKROOT = iphoneos;
				SWIFT_ACTIVE_COMPILATION_CONDITIONS = DEBUG;
				SWIFT_OPTIMIZATION_LEVEL = "-Onone";
			};
			name = Debug;
		};
		9B1E72631F96D5DA00E8EA4A /* Release */ = {
			isa = XCBuildConfiguration;
			buildSettings = {
				ALWAYS_SEARCH_USER_PATHS = NO;
				CLANG_ANALYZER_NONNULL = YES;
				CLANG_ANALYZER_NUMBER_OBJECT_CONVERSION = YES_AGGRESSIVE;
				CLANG_CXX_LANGUAGE_STANDARD = "gnu++14";
				CLANG_CXX_LIBRARY = "libc++";
				CLANG_ENABLE_MODULES = YES;
				CLANG_ENABLE_OBJC_ARC = YES;
				CLANG_WARN_BLOCK_CAPTURE_AUTORELEASING = YES;
				CLANG_WARN_BOOL_CONVERSION = YES;
				CLANG_WARN_COMMA = YES;
				CLANG_WARN_CONSTANT_CONVERSION = YES;
				CLANG_WARN_DIRECT_OBJC_ISA_USAGE = YES_ERROR;
				CLANG_WARN_DOCUMENTATION_COMMENTS = YES;
				CLANG_WARN_EMPTY_BODY = YES;
				CLANG_WARN_ENUM_CONVERSION = YES;
				CLANG_WARN_INFINITE_RECURSION = YES;
				CLANG_WARN_INT_CONVERSION = YES;
				CLANG_WARN_NON_LITERAL_NULL_CONVERSION = YES;
				CLANG_WARN_OBJC_LITERAL_CONVERSION = YES;
				CLANG_WARN_OBJC_ROOT_CLASS = YES_ERROR;
				CLANG_WARN_RANGE_LOOP_ANALYSIS = YES;
				CLANG_WARN_STRICT_PROTOTYPES = YES;
				CLANG_WARN_SUSPICIOUS_MOVE = YES;
				CLANG_WARN_UNGUARDED_AVAILABILITY = YES_AGGRESSIVE;
				CLANG_WARN_UNREACHABLE_CODE = YES;
				CLANG_WARN__DUPLICATE_METHOD_MATCH = YES;
				CODE_SIGN_IDENTITY = "iPhone Developer";
				COPY_PHASE_STRIP = NO;
				DEBUG_INFORMATION_FORMAT = "dwarf-with-dsym";
				ENABLE_NS_ASSERTIONS = NO;
				ENABLE_STRICT_OBJC_MSGSEND = YES;
				GCC_C_LANGUAGE_STANDARD = gnu11;
				GCC_NO_COMMON_BLOCKS = YES;
				GCC_WARN_64_TO_32_BIT_CONVERSION = YES;
				GCC_WARN_ABOUT_RETURN_TYPE = YES_ERROR;
				GCC_WARN_UNDECLARED_SELECTOR = YES;
				GCC_WARN_UNINITIALIZED_AUTOS = YES_AGGRESSIVE;
				GCC_WARN_UNUSED_FUNCTION = YES;
				GCC_WARN_UNUSED_VARIABLE = YES;
				IPHONEOS_DEPLOYMENT_TARGET = 11.0;
				MTL_ENABLE_DEBUG_INFO = NO;
				SDKROOT = iphoneos;
				SWIFT_OPTIMIZATION_LEVEL = "-Owholemodule";
				VALIDATE_PRODUCT = YES;
			};
			name = Release;
		};
		9B1E72651F96D5DA00E8EA4A /* Debug */ = {
			isa = XCBuildConfiguration;
			buildSettings = {
				ASSETCATALOG_COMPILER_APPICON_NAME = AppIcon;
				CODE_SIGN_STYLE = Automatic;
				DEVELOPMENT_TEAM = 6DTTA3T6V7;
				INFOPLIST_FILE = UserDefaultExample/Info.plist;
				LD_RUNPATH_SEARCH_PATHS = "$(inherited) @executable_path/Frameworks";
				PRODUCT_BUNDLE_IDENTIFIER = com.denis.ios.fundamentals.UserDefaultExample;
				PRODUCT_NAME = "$(TARGET_NAME)";
				SWIFT_VERSION = 4.0;
				TARGETED_DEVICE_FAMILY = "1,2";
			};
			name = Debug;
		};
		9B1E72661F96D5DA00E8EA4A /* Release */ = {
			isa = XCBuildConfiguration;
			buildSettings = {
				ASSETCATALOG_COMPILER_APPICON_NAME = AppIcon;
				CODE_SIGN_STYLE = Automatic;
				DEVELOPMENT_TEAM = 6DTTA3T6V7;
				INFOPLIST_FILE = UserDefaultExample/Info.plist;
				LD_RUNPATH_SEARCH_PATHS = "$(inherited) @executable_path/Frameworks";
				PRODUCT_BUNDLE_IDENTIFIER = com.denis.ios.fundamentals.UserDefaultExample;
				PRODUCT_NAME = "$(TARGET_NAME)";
				SWIFT_VERSION = 4.0;
				TARGETED_DEVICE_FAMILY = "1,2";
			};
			name = Release;
		};
/* End XCBuildConfiguration section */

/* Begin XCConfigurationList section */
		9B1E724D1F96D5DA00E8EA4A /* Build configuration list for PBXProject "UserDefaultExample" */ = {
			isa = XCConfigurationList;
			buildConfigurations = (
				9B1E72621F96D5DA00E8EA4A /* Debug */,
				9B1E72631F96D5DA00E8EA4A /* Release */,
			);
			defaultConfigurationIsVisible = 0;
			defaultConfigurationName = Release;
		};
		9B1E72641F96D5DA00E8EA4A /* Build configuration list for PBXNativeTarget "UserDefaultExample" */ = {
			isa = XCConfigurationList;
			buildConfigurations = (
				9B1E72651F96D5DA00E8EA4A /* Debug */,
				9B1E72661F96D5DA00E8EA4A /* Release */,
			);
			defaultConfigurationIsVisible = 0;
			defaultConfigurationName = Release;
		};
/* End XCConfigurationList section */
	};
	rootObject = 9B1E724A1F96D5DA00E8EA4A /* Project object */;
}
